
Microsoft Visual Studio Solution File, Format Version 12.00
# Visual Studio 15
VisualStudioVersion = 15.0.27703.2047
MinimumVisualStudioVersion = 10.0.40219.1
Project("{FAE04EC0-301F-11D3-BF4B-00C04F79EFBC}") = "Exercicio1", "Exercicio1\Exercicio1.csproj", "{C3AD6CDB-3FAF-4570-BE16-6F2FFAF6C960}"
EndProject
Project("{FAE04EC0-301F-11D3-BF4B-00C04F79EFBC}") = "Aula3", "Aula3\Aula3.csproj", "{1A1875A8-B51F-4B64-8D2C-8CBBA5EE175F}"
EndProject
Project("{FAE04EC0-301F-11D3-BF4B-00C04F79EFBC}") = "Aula4", "Aula4\Aula4.csproj", "{A707726E-FCAA-43B6-8578-2F1FC470F114}"
EndProject
Project("{FAE04EC0-301F-11D3-BF4B-00C04F79EFBC}") = "Trabalho", "Trabalho\Trabalho.csproj", "{82E04AAE-9C3A-4B02-89EA-60ED4F4AEBD9}"
EndProject
Project("{FAE04EC0-301F-11D3-BF4B-00C04F79EFBC}") = "Aula6", "Aula6\Aula6.csproj", "{4A22E180-78E6-4078-8E68-02604268893A}"
EndProject
Project("{FAE04EC0-301F-11D3-BF4B-00C04F79EFBC}") = "ExercicioAula6", "ExercicioAula6\ExercicioAula6.csproj", "{B362BCF7-64E7-4A74-9F8B-77A514919A94}"
EndProject
Global
	GlobalSection(SolutionConfigurationPlatforms) = preSolution
		Debug|Any CPU = Debug|Any CPU
		Release|Any CPU = Release|Any CPU
	EndGlobalSection
	GlobalSection(ProjectConfigurationPlatforms) = postSolution
		{C3AD6CDB-3FAF-4570-BE16-6F2FFAF6C960}.Debug|Any CPU.ActiveCfg = Debug|Any CPU
		{C3AD6CDB-3FAF-4570-BE16-6F2FFAF6C960}.Debug|Any CPU.Build.0 = Debug|Any CPU
		{C3AD6CDB-3FAF-4570-BE16-6F2FFAF6C960}.Release|Any CPU.ActiveCfg = Release|Any CPU
		{C3AD6CDB-3FAF-4570-BE16-6F2FFAF6C960}.Release|Any CPU.Build.0 = Release|Any CPU
		{1A1875A8-B51F-4B64-8D2C-8CBBA5EE175F}.Debug|Any CPU.ActiveCfg = Debug|Any CPU
		{1A1875A8-B51F-4B64-8D2C-8CBBA5EE175F}.Debug|Any CPU.Build.0 = Debug|Any CPU
		{1A1875A8-B51F-4B64-8D2C-8CBBA5EE175F}.Release|Any CPU.ActiveCfg = Release|Any CPU
		{1A1875A8-B51F-4B64-8D2C-8CBBA5EE175F}.Release|Any CPU.Build.0 = Release|Any CPU
		{A707726E-FCAA-43B6-8578-2F1FC470F114}.Debug|Any CPU.ActiveCfg = Debug|Any CPU
		{A707726E-FCAA-43B6-8578-2F1FC470F114}.Debug|Any CPU.Build.0 = Debug|Any CPU
		{A707726E-FCAA-43B6-8578-2F1FC470F114}.Release|Any CPU.ActiveCfg = Release|Any CPU
		{A707726E-FCAA-43B6-8578-2F1FC470F114}.Release|Any CPU.Build.0 = Release|Any CPU
		{82E04AAE-9C3A-4B02-89EA-60ED4F4AEBD9}.Debug|Any CPU.ActiveCfg = Debug|Any CPU
		{82E04AAE-9C3A-4B02-89EA-60ED4F4AEBD9}.Debug|Any CPU.Build.0 = Debug|Any CPU
		{82E04AAE-9C3A-4B02-89EA-60ED4F4AEBD9}.Release|Any CPU.ActiveCfg = Release|Any CPU
		{82E04AAE-9C3A-4B02-89EA-60ED4F4AEBD9}.Release|Any CPU.Build.0 = Release|Any CPU
		{4A22E180-78E6-4078-8E68-02604268893A}.Debug|Any CPU.ActiveCfg = Debug|Any CPU
		{4A22E180-78E6-4078-8E68-02604268893A}.Debug|Any CPU.Build.0 = Debug|Any CPU
		{4A22E180-78E6-4078-8E68-02604268893A}.Release|Any CPU.ActiveCfg = Release|Any CPU
		{4A22E180-78E6-4078-8E68-02604268893A}.Release|Any CPU.Build.0 = Release|Any CPU
		{B362BCF7-64E7-4A74-9F8B-77A514919A94}.Debug|Any CPU.ActiveCfg = Debug|Any CPU
		{B362BCF7-64E7-4A74-9F8B-77A514919A94}.Debug|Any CPU.Build.0 = Debug|Any CPU
		{B362BCF7-64E7-4A74-9F8B-77A514919A94}.Release|Any CPU.ActiveCfg = Release|Any CPU
		{B362BCF7-64E7-4A74-9F8B-77A514919A94}.Release|Any CPU.Build.0 = Release|Any CPU
	EndGlobalSection
	GlobalSection(SolutionProperties) = preSolution
		HideSolutionNode = FALSE
	EndGlobalSection
	GlobalSection(ExtensibilityGlobals) = postSolution
		SolutionGuid = {2E6B503E-187B-4A3D-8109-77B5D9B36984}
	EndGlobalSection
EndGlobal
