
Microsoft Visual Studio Solution File, Format Version 12.00
# Visual Studio 15
VisualStudioVersion = 15.0.28010.2046
MinimumVisualStudioVersion = 10.0.40219.1
Project("{FAE04EC0-301F-11D3-BF4B-00C04F79EFBC}") = "Exercicio1", "Exercicio1\Exercicio1.csproj", "{C3AD6CDB-3FAF-4570-BE16-6F2FFAF6C960}"
EndProject
Project("{FAE04EC0-301F-11D3-BF4B-00C04F79EFBC}") = "Aula3", "Aula3\Aula3.csproj", "{1A1875A8-B51F-4B64-8D2C-8CBBA5EE175F}"
EndProject
Project("{FAE04EC0-301F-11D3-BF4B-00C04F79EFBC}") = "Aula4", "Aula4\Aula4.csproj", "{A707726E-FCAA-43B6-8578-2F1FC470F114}"
EndProject
Project("{FAE04EC0-301F-11D3-BF4B-00C04F79EFBC}") = "Trabalho", "Trabalho\Trabalho.csproj", "{82E04AAE-9C3A-4B02-89EA-60ED4F4AEBD9}"
EndProject
Project("{FAE04EC0-301F-11D3-BF4B-00C04F79EFBC}") = "Aula6", "Aula6\Aula6.csproj", "{4A22E180-78E6-4078-8E68-02604268893A}"
EndProject
Project("{FAE04EC0-301F-11D3-BF4B-00C04F79EFBC}") = "ExercicioAula6", "ExercicioAula6\ExercicioAula6.csproj", "{B362BCF7-64E7-4A74-9F8B-77A514919A94}"
EndProject
Project("{FAE04EC0-301F-11D3-BF4B-00C04F79EFBC}") = "Aula7", "Aula7\Aula7.csproj", "{296CEC44-1212-43F1-85E1-AFCD1287F68E}"
EndProject
Project("{FAE04EC0-301F-11D3-BF4B-00C04F79EFBC}") = "ExercicioAula7", "ExercicioAula7\ExercicioAula7.csproj", "{A2500586-4963-4487-869A-3BB3C18D1156}"
EndProject
Project("{FAE04EC0-301F-11D3-BF4B-00C04F79EFBC}") = "Aula8", "Aula8\Aula8.csproj", "{8428DE1E-414F-4131-97A8-9E4C6121AFFD}"
EndProject
Project("{FAE04EC0-301F-11D3-BF4B-00C04F79EFBC}") = "ExercicioAula8", "ExercicioAula8\ExercicioAula8.csproj", "{594A810C-EA0C-4E89-A823-AE6DA787B4FC}"
EndProject
Project("{FAE04EC0-301F-11D3-BF4B-00C04F79EFBC}") = "Aula9", "Aula9\Aula9.csproj", "{E8FF97F9-A479-4407-A63D-471AC6156DEF}"
EndProject
Project("{FAE04EC0-301F-11D3-BF4B-00C04F79EFBC}") = "ExercicioAula9", "ExercicioAula9\ExercicioAula9.csproj", "{2461FEBF-B04D-4579-8D56-0B28288ECB39}"
EndProject
Project("{FAE04EC0-301F-11D3-BF4B-00C04F79EFBC}") = "Aula10", "Aula10\Aula10.csproj", "{1B64F5C6-4A92-4946-8EBB-FE83694EB5B6}"
EndProject
Project("{FAE04EC0-301F-11D3-BF4B-00C04F79EFBC}") = "Aula12", "Aula12\Aula12.csproj", "{2738C4F2-1D2C-46A5-B9CA-152AB90021F9}"
EndProject
Project("{FAE04EC0-301F-11D3-BF4B-00C04F79EFBC}") = "Aula11", "..\Aula11\Aula11\Aula11.csproj", "{A84A2DA7-56BA-4258-BECB-71EE376F5995}"
EndProject
Project("{FAE04EC0-301F-11D3-BF4B-00C04F79EFBC}") = "ExercicioAula12", "ExercicioAula12\ExercicioAula12.csproj", "{C8EEF7BB-77CB-48D0-B88A-40B0E85D3397}"
EndProject
Global
	GlobalSection(SolutionConfigurationPlatforms) = preSolution
		Debug|Any CPU = Debug|Any CPU
		Release|Any CPU = Release|Any CPU
	EndGlobalSection
	GlobalSection(ProjectConfigurationPlatforms) = postSolution
		{C3AD6CDB-3FAF-4570-BE16-6F2FFAF6C960}.Debug|Any CPU.ActiveCfg = Debug|Any CPU
		{C3AD6CDB-3FAF-4570-BE16-6F2FFAF6C960}.Debug|Any CPU.Build.0 = Debug|Any CPU
		{C3AD6CDB-3FAF-4570-BE16-6F2FFAF6C960}.Release|Any CPU.ActiveCfg = Release|Any CPU
		{C3AD6CDB-3FAF-4570-BE16-6F2FFAF6C960}.Release|Any CPU.Build.0 = Release|Any CPU
		{1A1875A8-B51F-4B64-8D2C-8CBBA5EE175F}.Debug|Any CPU.ActiveCfg = Debug|Any CPU
		{1A1875A8-B51F-4B64-8D2C-8CBBA5EE175F}.Debug|Any CPU.Build.0 = Debug|Any CPU
		{1A1875A8-B51F-4B64-8D2C-8CBBA5EE175F}.Release|Any CPU.ActiveCfg = Release|Any CPU
		{1A1875A8-B51F-4B64-8D2C-8CBBA5EE175F}.Release|Any CPU.Build.0 = Release|Any CPU
		{A707726E-FCAA-43B6-8578-2F1FC470F114}.Debug|Any CPU.ActiveCfg = Debug|Any CPU
		{A707726E-FCAA-43B6-8578-2F1FC470F114}.Debug|Any CPU.Build.0 = Debug|Any CPU
		{A707726E-FCAA-43B6-8578-2F1FC470F114}.Release|Any CPU.ActiveCfg = Release|Any CPU
		{A707726E-FCAA-43B6-8578-2F1FC470F114}.Release|Any CPU.Build.0 = Release|Any CPU
		{82E04AAE-9C3A-4B02-89EA-60ED4F4AEBD9}.Debug|Any CPU.ActiveCfg = Debug|Any CPU
		{82E04AAE-9C3A-4B02-89EA-60ED4F4AEBD9}.Debug|Any CPU.Build.0 = Debug|Any CPU
		{82E04AAE-9C3A-4B02-89EA-60ED4F4AEBD9}.Release|Any CPU.ActiveCfg = Release|Any CPU
		{82E04AAE-9C3A-4B02-89EA-60ED4F4AEBD9}.Release|Any CPU.Build.0 = Release|Any CPU
		{4A22E180-78E6-4078-8E68-02604268893A}.Debug|Any CPU.ActiveCfg = Debug|Any CPU
		{4A22E180-78E6-4078-8E68-02604268893A}.Debug|Any CPU.Build.0 = Debug|Any CPU
		{4A22E180-78E6-4078-8E68-02604268893A}.Release|Any CPU.ActiveCfg = Release|Any CPU
		{4A22E180-78E6-4078-8E68-02604268893A}.Release|Any CPU.Build.0 = Release|Any CPU
		{B362BCF7-64E7-4A74-9F8B-77A514919A94}.Debug|Any CPU.ActiveCfg = Debug|Any CPU
		{B362BCF7-64E7-4A74-9F8B-77A514919A94}.Debug|Any CPU.Build.0 = Debug|Any CPU
		{B362BCF7-64E7-4A74-9F8B-77A514919A94}.Release|Any CPU.ActiveCfg = Release|Any CPU
		{B362BCF7-64E7-4A74-9F8B-77A514919A94}.Release|Any CPU.Build.0 = Release|Any CPU
		{296CEC44-1212-43F1-85E1-AFCD1287F68E}.Debug|Any CPU.ActiveCfg = Debug|Any CPU
		{296CEC44-1212-43F1-85E1-AFCD1287F68E}.Debug|Any CPU.Build.0 = Debug|Any CPU
		{296CEC44-1212-43F1-85E1-AFCD1287F68E}.Release|Any CPU.ActiveCfg = Release|Any CPU
		{296CEC44-1212-43F1-85E1-AFCD1287F68E}.Release|Any CPU.Build.0 = Release|Any CPU
		{A2500586-4963-4487-869A-3BB3C18D1156}.Debug|Any CPU.ActiveCfg = Debug|Any CPU
		{A2500586-4963-4487-869A-3BB3C18D1156}.Debug|Any CPU.Build.0 = Debug|Any CPU
		{A2500586-4963-4487-869A-3BB3C18D1156}.Release|Any CPU.ActiveCfg = Release|Any CPU
		{A2500586-4963-4487-869A-3BB3C18D1156}.Release|Any CPU.Build.0 = Release|Any CPU
		{8428DE1E-414F-4131-97A8-9E4C6121AFFD}.Debug|Any CPU.ActiveCfg = Debug|Any CPU
		{8428DE1E-414F-4131-97A8-9E4C6121AFFD}.Debug|Any CPU.Build.0 = Debug|Any CPU
		{8428DE1E-414F-4131-97A8-9E4C6121AFFD}.Release|Any CPU.ActiveCfg = Release|Any CPU
		{8428DE1E-414F-4131-97A8-9E4C6121AFFD}.Release|Any CPU.Build.0 = Release|Any CPU
		{594A810C-EA0C-4E89-A823-AE6DA787B4FC}.Debug|Any CPU.ActiveCfg = Debug|Any CPU
		{594A810C-EA0C-4E89-A823-AE6DA787B4FC}.Debug|Any CPU.Build.0 = Debug|Any CPU
		{594A810C-EA0C-4E89-A823-AE6DA787B4FC}.Release|Any CPU.ActiveCfg = Release|Any CPU
		{594A810C-EA0C-4E89-A823-AE6DA787B4FC}.Release|Any CPU.Build.0 = Release|Any CPU
		{E8FF97F9-A479-4407-A63D-471AC6156DEF}.Debug|Any CPU.ActiveCfg = Debug|Any CPU
		{E8FF97F9-A479-4407-A63D-471AC6156DEF}.Debug|Any CPU.Build.0 = Debug|Any CPU
		{E8FF97F9-A479-4407-A63D-471AC6156DEF}.Release|Any CPU.ActiveCfg = Release|Any CPU
		{E8FF97F9-A479-4407-A63D-471AC6156DEF}.Release|Any CPU.Build.0 = Release|Any CPU
		{2461FEBF-B04D-4579-8D56-0B28288ECB39}.Debug|Any CPU.ActiveCfg = Debug|Any CPU
		{2461FEBF-B04D-4579-8D56-0B28288ECB39}.Debug|Any CPU.Build.0 = Debug|Any CPU
		{2461FEBF-B04D-4579-8D56-0B28288ECB39}.Release|Any CPU.ActiveCfg = Release|Any CPU
		{2461FEBF-B04D-4579-8D56-0B28288ECB39}.Release|Any CPU.Build.0 = Release|Any CPU
		{1B64F5C6-4A92-4946-8EBB-FE83694EB5B6}.Debug|Any CPU.ActiveCfg = Debug|Any CPU
		{1B64F5C6-4A92-4946-8EBB-FE83694EB5B6}.Debug|Any CPU.Build.0 = Debug|Any CPU
		{1B64F5C6-4A92-4946-8EBB-FE83694EB5B6}.Release|Any CPU.ActiveCfg = Release|Any CPU
		{1B64F5C6-4A92-4946-8EBB-FE83694EB5B6}.Release|Any CPU.Build.0 = Release|Any CPU
		{2738C4F2-1D2C-46A5-B9CA-152AB90021F9}.Debug|Any CPU.ActiveCfg = Debug|Any CPU
		{2738C4F2-1D2C-46A5-B9CA-152AB90021F9}.Debug|Any CPU.Build.0 = Debug|Any CPU
		{2738C4F2-1D2C-46A5-B9CA-152AB90021F9}.Release|Any CPU.ActiveCfg = Release|Any CPU
		{2738C4F2-1D2C-46A5-B9CA-152AB90021F9}.Release|Any CPU.Build.0 = Release|Any CPU
		{A84A2DA7-56BA-4258-BECB-71EE376F5995}.Debug|Any CPU.ActiveCfg = Debug|Any CPU
		{A84A2DA7-56BA-4258-BECB-71EE376F5995}.Debug|Any CPU.Build.0 = Debug|Any CPU
		{A84A2DA7-56BA-4258-BECB-71EE376F5995}.Release|Any CPU.ActiveCfg = Release|Any CPU
		{A84A2DA7-56BA-4258-BECB-71EE376F5995}.Release|Any CPU.Build.0 = Release|Any CPU
		{C8EEF7BB-77CB-48D0-B88A-40B0E85D3397}.Debug|Any CPU.ActiveCfg = Debug|Any CPU
		{C8EEF7BB-77CB-48D0-B88A-40B0E85D3397}.Debug|Any CPU.Build.0 = Debug|Any CPU
		{C8EEF7BB-77CB-48D0-B88A-40B0E85D3397}.Release|Any CPU.ActiveCfg = Release|Any CPU
		{C8EEF7BB-77CB-48D0-B88A-40B0E85D3397}.Release|Any CPU.Build.0 = Release|Any CPU
	EndGlobalSection
	GlobalSection(SolutionProperties) = preSolution
		HideSolutionNode = FALSE
	EndGlobalSection
	GlobalSection(ExtensibilityGlobals) = postSolution
		SolutionGuid = {D15AB263-FB2B-4D52-A1C4-3B5B14B25129}
	EndGlobalSection
EndGlobal
